{
  "name": "dir-to-md",
  "version": "0.0.1",
  "lockfileVersion": 3,
  "requires": true,
  "packages": {
    "": {
      "name": "dir-to-md",
      "version": "0.0.1",
      "license": "ISC",
      "dependencies": {
        "commander": "^14.0.0",
        "dir-to-md": "^0.0.1",
        "fs-extra": "^11.3.0",
        "ignore": "^7.0.3"
      },
      "bin": {
        "copy-files": "dist/index.js"
      },
      "devDependencies": {
        "@types/fs-extra": "^11.0.4",
        "@types/node": "^22.10.10",
        "typescript": "^5.7.3"
      }
    },
    "node_modules/@types/fs-extra": {
      "version": "11.0.4",
      "resolved": "https://registry.npmjs.org/@types/fs-extra/-/fs-extra-11.0.4.tgz",
      "integrity": "sha512-yTbItCNreRooED33qjunPthRcSjERP1r4MqCZc7wv0u2sUkzTFp45tgUfS5+r7FrZPdmCCNflLhVSP/o+SemsQ==",
      "dev": true,
      "license": "MIT",
      "dependencies": {
        "@types/jsonfile": "*",
        "@types/node": "*"
      }
    },
    "node_modules/@types/jsonfile": {
      "version": "6.1.4",
      "resolved": "https://registry.npmjs.org/@types/jsonfile/-/jsonfile-6.1.4.tgz",
      "integrity": "sha512-D5qGUYwjvnNNextdU59/+fI+spnwtTFmyQP0h+PfIOSkNfpU6AOICUOkm4i0OnSk+NyjdPJrxCDro0sJsWlRpQ==",
      "dev": true,
      "license": "MIT",
      "dependencies": {
        "@types/node": "*"
      }
    },
    "node_modules/@types/node": {
      "version": "22.10.10",
      "resolved": "https://registry.npmjs.org/@types/node/-/node-22.10.10.tgz",
      "integrity": "sha512-X47y/mPNzxviAGY5TcYPtYL8JsY3kAq2n8fMmKoRCxq/c4v4pyGNCzM2R6+M5/umG4ZfHuT+sgqDYqWc9rJ6ww==",
      "dev": true,
      "license": "MIT",
      "dependencies": {
        "undici-types": "~6.20.0"
      }
    },
    "node_modules/commander": {
      "version": "14.0.0",
      "resolved": "https://registry.npmjs.org/commander/-/commander-14.0.0.tgz",
      "integrity": "sha512-2uM9rYjPvyq39NwLRqaiLtWHyDC1FvryJDa2ATTVims5YAS4PupsEQsDvP14FqhFr0P49CYDugi59xaxJlTXRA==",
      "license": "MIT",
      "engines": {
        "node": ">=20"
      }
    },
    "node_modules/dir-to-md": {
      "version": "0.0.1",
      "resolved": "https://registry.npmjs.org/dir-to-md/-/dir-to-md-0.0.1.tgz",
      "integrity": "sha512-lOa7uls33p42edQn+QWUUx+6DTwpGbpXndp/+LaULB8a80soP5s31htg/f+byttdOkzutjh5Ru9DyAgIqbL3tg==",
      "license": "ISC",
      "dependencies": {
        "commander": "^14.0.0",
        "fs-extra": "^11.3.0",
        "ignore": "^7.0.3"
      },
      "bin": {
        "copy-files": "dist/index.js"
      }
    },
    "node_modules/fs-extra": {
      "version": "11.3.0",
      "resolved": "https://registry.npmjs.org/fs-extra/-/fs-extra-11.3.0.tgz",
      "integrity": "sha512-Z4XaCL6dUDHfP/jT25jJKMmtxvuwbkrD1vNSMFlo9lNLY2c5FHYSQgHPRZUjAB26TpDEoW9HCOgplrdbaPV/ew==",
      "license": "MIT",
      "dependencies": {
        "graceful-fs": "^4.2.0",
        "jsonfile": "^6.0.1",
        "universalify": "^2.0.0"
      },
      "engines": {
        "node": ">=14.14"
      }
    },
    "node_modules/graceful-fs": {
      "version": "4.2.11",
      "resolved": "https://registry.npmjs.org/graceful-fs/-/graceful-fs-4.2.11.tgz",
      "integrity": "sha512-RbJ5/jmFcNNCcDV5o9eTnBLJ/HszWV0P73bc+Ff4nS/rJj+YaS6IGyiOL0VoBYX+l1Wrl3k63h/KrH+nhJ0XvQ==",
      "license": "ISC"
    },
    "node_modules/ignore": {
      "version": "7.0.3",
      "resolved": "https://registry.npmjs.org/ignore/-/ignore-7.0.3.tgz",
      "integrity": "sha512-bAH5jbK/F3T3Jls4I0SO1hmPR0dKU0a7+SY6n1yzRtG54FLO8d6w/nxLFX2Nb7dBu6cCWXPaAME6cYqFUMmuCA==",
      "license": "MIT",
      "engines": {
        "node": ">= 4"
      }
    },
    "node_modules/jsonfile": {
      "version": "6.1.0",
      "resolved": "https://registry.npmjs.org/jsonfile/-/jsonfile-6.1.0.tgz",
      "integrity": "sha512-5dgndWOriYSm5cnYaJNhalLNDKOqFwyDB/rr1E9ZsGciGvKPs8R2xYGCacuf3z6K1YKDz182fd+fY3cn3pMqXQ==",
      "license": "MIT",
      "dependencies": {
        "universalify": "^2.0.0"
      },
      "optionalDependencies": {
        "graceful-fs": "^4.1.6"
      }
    },
    "node_modules/typescript": {
      "version": "5.7.3",
      "resolved": "https://registry.npmjs.org/typescript/-/typescript-5.7.3.tgz",
      "integrity": "sha512-84MVSjMEHP+FQRPy3pX9sTVV/INIex71s9TL2Gm5FG/WG1SqXeKyZ0k7/blY/4FdOzI12CBy1vGc4og/eus0fw==",
      "dev": true,
      "license": "Apache-2.0",
      "bin": {
        "tsc": "bin/tsc",
        "tsserver": "bin/tsserver"
      },
      "engines": {
        "node": ">=14.17"
      }
    },
    "node_modules/undici-types": {
      "version": "6.20.0",
      "resolved": "https://registry.npmjs.org/undici-types/-/undici-types-6.20.0.tgz",
      "integrity": "sha512-Ny6QZ2Nju20vw1SRHe3d9jVu6gJ+4e3+MMpqu7pqE5HT6WsTSlce++GQmK5UXS8mzV8DSYHrQH+Xrf2jVcuKNg==",
      "dev": true,
      "license": "MIT"
    },
    "node_modules/universalify": {
      "version": "2.0.1",
      "resolved": "https://registry.npmjs.org/universalify/-/universalify-2.0.1.tgz",
      "integrity": "sha512-gptHNQghINnc/vTGIk0SOFGFNXw7JVrlRUtConJRlvaw6DuX0wO5Jeko9sWrMBhh+PsYAZ7oXAiOnf/UKogyiw==",
      "license": "MIT",
      "engines": {
        "node": ">= 10.0.0"
      }
    }
  }
}
